# Linux container runtime; resolved versions from the tested ETL environment.
# Keep within requirements.txt ranges and rerun host/container tests when updating.
boto3==1.43.89
botocore==1.43.89
jmespath==1.1.0
psycopg==3.3.5
psycopg-binary==3.3.5
python-dateutil==2.9.0.post0
python-dotenv==1.2.3
s3transfer==0.19.2
six==1.17.0
urllib3==2.7.0
